// !$*UTF8*$!
{
	archiveVersion = 1;
	classes = {
	};
	objectVersion = 56;
	objects = {

/* Begin PBXBuildFile section */
		4B3BB32D2939CE0400E8B5FE /* GoToOutsideApp.swift in Sources */ = {isa = PBXBuildFile; fileRef = 4B3BB32C2939CE0400E8B5FE /* GoToOutsideApp.swift */; };
		4B3BB32F2939CE0400E8B5FE /* ContentView.swift in Sources */ = {isa = PBXBuildFile; fileRef = 4B3BB32E2939CE0400E8B5FE /* ContentView.swift */; };
		4B3BB3312939CE0400E8B5FE /* Assets.xcassets in Resources */ = {isa = PBXBuildFile; fileRef = 4B3BB3302939CE0400E8B5FE /* Assets.xcassets */; };
		4B5C88182939CF35003F224E /* Preview Assets.xcassets in Resources */ = {isa = PBXBuildFile; fileRef = 4B5C88172939CF35003F224E /* Preview Assets.xcassets */; };
		4B5C881B2939CF9B003F224E /* Moya in Frameworks */ = {isa = PBXBuildFile; productRef = 4B5C881A2939CF9B003F224E /* Moya */; };
		4B665A8229551D650005C527 /* TextFieldView.swift in Sources */ = {isa = PBXBuildFile; fileRef = 4B665A8129551D650005C527 /* TextFieldView.swift */; };
		4B665A882955FB910005C527 /* RectangleButtonView.swift in Sources */ = {isa = PBXBuildFile; fileRef = 4B665A872955FB910005C527 /* RectangleButtonView.swift */; };
		4B665A8A2955FE1A0005C527 /* ImageButtonView.swift in Sources */ = {isa = PBXBuildFile; fileRef = 4B665A892955FE1A0005C527 /* ImageButtonView.swift */; };
		4B665A8D295607840005C527 /* SignupViewModel.swift in Sources */ = {isa = PBXBuildFile; fileRef = 4B665A8C295607840005C527 /* SignupViewModel.swift */; };
		4BFC78FA293ED776008BFD69 /* LoginView.swift in Sources */ = {isa = PBXBuildFile; fileRef = 4BFC78F9293ED776008BFD69 /* LoginView.swift */; };
		4BFC78FF293ED7A5008BFD69 /* LoginViewModel.swift in Sources */ = {isa = PBXBuildFile; fileRef = 4BFC78FE293ED7A5008BFD69 /* LoginViewModel.swift */; };
		4BFC7907293EDA19008BFD69 /* MoyaService.swift in Sources */ = {isa = PBXBuildFile; fileRef = 4BFC7906293EDA19008BFD69 /* MoyaService.swift */; };
		4BFC790A293EDAAB008BFD69 /* BaceURL.swift in Sources */ = {isa = PBXBuildFile; fileRef = 4BFC7909293EDAAB008BFD69 /* BaceURL.swift */; };
		4BFC790D293EDC80008BFD69 /* HttpClient+httpPath.swift in Sources */ = {isa = PBXBuildFile; fileRef = 4BFC790C293EDC80008BFD69 /* HttpClient+httpPath.swift */; };
		4BFC790F293EE723008BFD69 /* HttpClient+httpMethod.swift in Sources */ = {isa = PBXBuildFile; fileRef = 4BFC790E293EE723008BFD69 /* HttpClient+httpMethod.swift */; };
		4BFC7911293EE891008BFD69 /* HttpClient+httpTask.swift in Sources */ = {isa = PBXBuildFile; fileRef = 4BFC7910293EE891008BFD69 /* HttpClient+httpTask.swift */; };
		4BFC7913293EECA4008BFD69 /* HttpClient+httpHeader.swift in Sources */ = {isa = PBXBuildFile; fileRef = 4BFC7912293EECA4008BFD69 /* HttpClient+httpHeader.swift */; };
		4BFC7915293EED84008BFD69 /* Header.swift in Sources */ = {isa = PBXBuildFile; fileRef = 4BFC7914293EED84008BFD69 /* Header.swift */; };
		4BFC7918293EFD78008BFD69 /* SwiftKeychainWrapper in Frameworks */ = {isa = PBXBuildFile; productRef = 4BFC7917293EFD78008BFD69 /* SwiftKeychainWrapper */; };
		4BFFD10E2940D4E0002BD993 /* NotoSansKR-Light.otf in Resources */ = {isa = PBXBuildFile; fileRef = 4BFFD1082940D4DF002BD993 /* NotoSansKR-Light.otf */; };
		4BFFD10F2940D4E0002BD993 /* NotoSansKR-Medium.otf in Resources */ = {isa = PBXBuildFile; fileRef = 4BFFD1092940D4E0002BD993 /* NotoSansKR-Medium.otf */; };
		4BFFD1102940D4E0002BD993 /* NotoSansKR-Black.otf in Resources */ = {isa = PBXBuildFile; fileRef = 4BFFD10A2940D4E0002BD993 /* NotoSansKR-Black.otf */; };
		4BFFD1112940D4E0002BD993 /* NotoSansKR-Regular.otf in Resources */ = {isa = PBXBuildFile; fileRef = 4BFFD10B2940D4E0002BD993 /* NotoSansKR-Regular.otf */; };
		4BFFD1122940D4E0002BD993 /* NotoSansKR-Bold.otf in Resources */ = {isa = PBXBuildFile; fileRef = 4BFFD10C2940D4E0002BD993 /* NotoSansKR-Bold.otf */; };
		4BFFD1132940D4E0002BD993 /* NotoSansKR-Thin.otf in Resources */ = {isa = PBXBuildFile; fileRef = 4BFFD10D2940D4E0002BD993 /* NotoSansKR-Thin.otf */; };
		907C9829293F70A2009CBD8C /* SelectView.swift in Sources */ = {isa = PBXBuildFile; fileRef = 907C9828293F70A2009CBD8C /* SelectView.swift */; };
		907C982B293F82DC009CBD8C /* SignUpView.swift in Sources */ = {isa = PBXBuildFile; fileRef = 907C982A293F82DC009CBD8C /* SignUpView.swift */; };
		907C982D293F887E009CBD8C /* SignUpPWView.swift in Sources */ = {isa = PBXBuildFile; fileRef = 907C982C293F887E009CBD8C /* SignUpPWView.swift */; };
		90C8B972293F53160027355A /* Fonts.swift in Sources */ = {isa = PBXBuildFile; fileRef = 90C8B971293F53160027355A /* Fonts.swift */; };
		90C8B982293F5CBD0027355A /* Colors.swift in Sources */ = {isa = PBXBuildFile; fileRef = 90C8B981293F5CBD0027355A /* Colors.swift */; };
/* End PBXBuildFile section */

/* Begin PBXFileReference section */
		4B3BB3292939CE0400E8B5FE /* GoToOutside.app */ = {isa = PBXFileReference; explicitFileType = wrapper.application; includeInIndex = 0; path = GoToOutside.app; sourceTree = BUILT_PRODUCTS_DIR; };
		4B3BB32C2939CE0400E8B5FE /* GoToOutsideApp.swift */ = {isa = PBXFileReference; lastKnownFileType = sourcecode.swift; path = GoToOutsideApp.swift; sourceTree = "<group>"; };
		4B3BB32E2939CE0400E8B5FE /* ContentView.swift */ = {isa = PBXFileReference; lastKnownFileType = sourcecode.swift; path = ContentView.swift; sourceTree = "<group>"; };
		4B3BB3302939CE0400E8B5FE /* Assets.xcassets */ = {isa = PBXFileReference; lastKnownFileType = folder.assetcatalog; path = Assets.xcassets; sourceTree = "<group>"; };
		4B5C88172939CF35003F224E /* Preview Assets.xcassets */ = {isa = PBXFileReference; lastKnownFileType = folder.assetcatalog; path = "Preview Assets.xcassets"; sourceTree = "<group>"; };
		4B5C881E2939D087003F224E /* Info.plist */ = {isa = PBXFileReference; lastKnownFileType = text.plist.xml; path = Info.plist; sourceTree = "<group>"; };
		4B665A8129551D650005C527 /* TextFieldView.swift */ = {isa = PBXFileReference; lastKnownFileType = sourcecode.swift; path = TextFieldView.swift; sourceTree = "<group>"; };
		4B665A872955FB910005C527 /* RectangleButtonView.swift */ = {isa = PBXFileReference; lastKnownFileType = sourcecode.swift; path = RectangleButtonView.swift; sourceTree = "<group>"; };
		4B665A892955FE1A0005C527 /* ImageButtonView.swift */ = {isa = PBXFileReference; lastKnownFileType = sourcecode.swift; path = ImageButtonView.swift; sourceTree = "<group>"; };
		4B665A8C295607840005C527 /* SignupViewModel.swift */ = {isa = PBXFileReference; lastKnownFileType = sourcecode.swift; path = SignupViewModel.swift; sourceTree = "<group>"; };
		4BFC78F9293ED776008BFD69 /* LoginView.swift */ = {isa = PBXFileReference; lastKnownFileType = sourcecode.swift; path = LoginView.swift; sourceTree = "<group>"; };
		4BFC78FE293ED7A5008BFD69 /* LoginViewModel.swift */ = {isa = PBXFileReference; lastKnownFileType = sourcecode.swift; path = LoginViewModel.swift; sourceTree = "<group>"; };
		4BFC7906293EDA19008BFD69 /* MoyaService.swift */ = {isa = PBXFileReference; lastKnownFileType = sourcecode.swift; path = MoyaService.swift; sourceTree = "<group>"; };
		4BFC7909293EDAAB008BFD69 /* BaceURL.swift */ = {isa = PBXFileReference; lastKnownFileType = sourcecode.swift; path = BaceURL.swift; sourceTree = "<group>"; };
		4BFC790C293EDC80008BFD69 /* HttpClient+httpPath.swift */ = {isa = PBXFileReference; lastKnownFileType = sourcecode.swift; path = "HttpClient+httpPath.swift"; sourceTree = "<group>"; };
		4BFC790E293EE723008BFD69 /* HttpClient+httpMethod.swift */ = {isa = PBXFileReference; lastKnownFileType = sourcecode.swift; path = "HttpClient+httpMethod.swift"; sourceTree = "<group>"; };
		4BFC7910293EE891008BFD69 /* HttpClient+httpTask.swift */ = {isa = PBXFileReference; lastKnownFileType = sourcecode.swift; path = "HttpClient+httpTask.swift"; sourceTree = "<group>"; };
		4BFC7912293EECA4008BFD69 /* HttpClient+httpHeader.swift */ = {isa = PBXFileReference; lastKnownFileType = sourcecode.swift; path = "HttpClient+httpHeader.swift"; sourceTree = "<group>"; };
		4BFC7914293EED84008BFD69 /* Header.swift */ = {isa = PBXFileReference; lastKnownFileType = sourcecode.swift; path = Header.swift; sourceTree = "<group>"; };
		4BFFD1082940D4DF002BD993 /* NotoSansKR-Light.otf */ = {isa = PBXFileReference; lastKnownFileType = file; path = "NotoSansKR-Light.otf"; sourceTree = "<group>"; };
		4BFFD1092940D4E0002BD993 /* NotoSansKR-Medium.otf */ = {isa = PBXFileReference; lastKnownFileType = file; path = "NotoSansKR-Medium.otf"; sourceTree = "<group>"; };
		4BFFD10A2940D4E0002BD993 /* NotoSansKR-Black.otf */ = {isa = PBXFileReference; lastKnownFileType = file; path = "NotoSansKR-Black.otf"; sourceTree = "<group>"; };
		4BFFD10B2940D4E0002BD993 /* NotoSansKR-Regular.otf */ = {isa = PBXFileReference; lastKnownFileType = file; path = "NotoSansKR-Regular.otf"; sourceTree = "<group>"; };
		4BFFD10C2940D4E0002BD993 /* NotoSansKR-Bold.otf */ = {isa = PBXFileReference; lastKnownFileType = file; path = "NotoSansKR-Bold.otf"; sourceTree = "<group>"; };
		4BFFD10D2940D4E0002BD993 /* NotoSansKR-Thin.otf */ = {isa = PBXFileReference; lastKnownFileType = file; path = "NotoSansKR-Thin.otf"; sourceTree = "<group>"; };
		907C9828293F70A2009CBD8C /* SelectView.swift */ = {isa = PBXFileReference; lastKnownFileType = sourcecode.swift; path = SelectView.swift; sourceTree = "<group>"; };
		907C982A293F82DC009CBD8C /* SignUpView.swift */ = {isa = PBXFileReference; lastKnownFileType = sourcecode.swift; path = SignUpView.swift; sourceTree = "<group>"; };
		907C982C293F887E009CBD8C /* SignUpPWView.swift */ = {isa = PBXFileReference; lastKnownFileType = sourcecode.swift; path = SignUpPWView.swift; sourceTree = "<group>"; };
		90C8B971293F53160027355A /* Fonts.swift */ = {isa = PBXFileReference; lastKnownFileType = sourcecode.swift; path = Fonts.swift; sourceTree = "<group>"; };
		90C8B981293F5CBD0027355A /* Colors.swift */ = {isa = PBXFileReference; lastKnownFileType = sourcecode.swift; path = Colors.swift; sourceTree = "<group>"; };
/* End PBXFileReference section */

/* Begin PBXFrameworksBuildPhase section */
		4B3BB3262939CE0400E8B5FE /* Frameworks */ = {
			isa = PBXFrameworksBuildPhase;
			buildActionMask = 2147483647;
			files = (
				4BFC7918293EFD78008BFD69 /* SwiftKeychainWrapper in Frameworks */,
				4B5C881B2939CF9B003F224E /* Moya in Frameworks */,
			);
			runOnlyForDeploymentPostprocessing = 0;
		};
/* End PBXFrameworksBuildPhase section */

/* Begin PBXGroup section */
		4B3BB3202939CE0400E8B5FE = {
			isa = PBXGroup;
			children = (
				4B3BB32B2939CE0400E8B5FE /* GoToOutside */,
				4B3BB32A2939CE0400E8B5FE /* Products */,
			);
			sourceTree = "<group>";
		};
		4B3BB32A2939CE0400E8B5FE /* Products */ = {
			isa = PBXGroup;
			children = (
				4B3BB3292939CE0400E8B5FE /* GoToOutside.app */,
			);
			name = Products;
			sourceTree = "<group>";
		};
		4B3BB32B2939CE0400E8B5FE /* GoToOutside */ = {
			isa = PBXGroup;
			children = (
				4BFC7901293ED9BD008BFD69 /* Service */,
				4BFC7900293ED8ED008BFD69 /* Resource */,
				4B3BB33E2939CEE500E8B5FE /* SupportFile */,
				4B3BB33A2939CE2800E8B5FE /* Source */,
			);
			path = GoToOutside;
			sourceTree = "<group>";
		};
		4B3BB33A2939CE2800E8B5FE /* Source */ = {
			isa = PBXGroup;
			children = (
				4B665A7F29551D350005C527 /* Component */,
				4B3BB33B2939CE6700E8B5FE /* Application */,
				4B3BB33C2939CE7800E8B5FE /* Scene */,
			);
			path = Source;
			sourceTree = "<group>";
		};
		4B3BB33B2939CE6700E8B5FE /* Application */ = {
			isa = PBXGroup;
			children = (
				4B3BB32C2939CE0400E8B5FE /* GoToOutsideApp.swift */,
				4B3BB32E2939CE0400E8B5FE /* ContentView.swift */,
			);
			path = Application;
			sourceTree = "<group>";
		};
		4B3BB33C2939CE7800E8B5FE /* Scene */ = {
			isa = PBXGroup;
			children = (
				4BFC78F8293ED74C008BFD69 /* Login */,
				90C8B980293F596B0027355A /* SignUp */,
			);
			path = Scene;
			sourceTree = "<group>";
		};
		4B3BB33E2939CEE500E8B5FE /* SupportFile */ = {
			isa = PBXGroup;
			children = (
				4B5C881E2939D087003F224E /* Info.plist */,
			);
			path = SupportFile;
			sourceTree = "<group>";
		};
		4B5C88162939CF35003F224E /* Preview Content */ = {
			isa = PBXGroup;
			children = (
				4B5C88172939CF35003F224E /* Preview Assets.xcassets */,
			);
			path = "Preview Content";
			sourceTree = "<group>";
		};
		4B665A7F29551D350005C527 /* Component */ = {
			isa = PBXGroup;
			children = (
				4B665A8029551D3E0005C527 /* TextField */,
			);
			path = Component;
			sourceTree = "<group>";
		};
		4B665A8029551D3E0005C527 /* TextField */ = {
			isa = PBXGroup;
			children = (
				4B665A8129551D650005C527 /* TextFieldView.swift */,
				4B665A872955FB910005C527 /* RectangleButtonView.swift */,
				4B665A892955FE1A0005C527 /* ImageButtonView.swift */,
			);
			path = TextField;
			sourceTree = "<group>";
		};
		4B665A8B295607640005C527 /* ViewModel */ = {
			isa = PBXGroup;
			children = (
				4B665A8C295607840005C527 /* SignupViewModel.swift */,
			);
			path = ViewModel;
			sourceTree = "<group>";
		};
		4BFC78F8293ED74C008BFD69 /* Login */ = {
			isa = PBXGroup;
			children = (
				4BFC78FC293ED783008BFD69 /* ViewModel */,
				4BFC78FB293ED779008BFD69 /* View */,
			);
			path = Login;
			sourceTree = "<group>";
		};
		4BFC78FB293ED779008BFD69 /* View */ = {
			isa = PBXGroup;
			children = (
				4BFC78F9293ED776008BFD69 /* LoginView.swift */,
			);
			path = View;
			sourceTree = "<group>";
		};
		4BFC78FC293ED783008BFD69 /* ViewModel */ = {
			isa = PBXGroup;
			children = (
				4BFC78FE293ED7A5008BFD69 /* LoginViewModel.swift */,
			);
			path = ViewModel;
			sourceTree = "<group>";
		};
		4BFC7900293ED8ED008BFD69 /* Resource */ = {
			isa = PBXGroup;
			children = (
				90C8B973293F53190027355A /* Font */,
				4B5C88162939CF35003F224E /* Preview Content */,
				4B3BB3302939CE0400E8B5FE /* Assets.xcassets */,
				90C8B981293F5CBD0027355A /* Colors.swift */,
			);
			path = Resource;
			sourceTree = "<group>";
		};
		4BFC7901293ED9BD008BFD69 /* Service */ = {
			isa = PBXGroup;
			children = (
				4BFC7902293ED9C4008BFD69 /* Network */,
			);
			path = Service;
			sourceTree = "<group>";
		};
		4BFC7902293ED9C4008BFD69 /* Network */ = {
			isa = PBXGroup;
			children = (
				4BFC7905293ED9EA008BFD69 /* Header */,
				4BFC7903293ED9D2008BFD69 /* HttpClient */,
			);
			path = Network;
			sourceTree = "<group>";
		};
		4BFC7903293ED9D2008BFD69 /* HttpClient */ = {
			isa = PBXGroup;
			children = (
				4BFC7906293EDA19008BFD69 /* MoyaService.swift */,
				4BFC7909293EDAAB008BFD69 /* BaceURL.swift */,
				4BFC790C293EDC80008BFD69 /* HttpClient+httpPath.swift */,
				4BFC790E293EE723008BFD69 /* HttpClient+httpMethod.swift */,
				4BFC7910293EE891008BFD69 /* HttpClient+httpTask.swift */,
				4BFC7912293EECA4008BFD69 /* HttpClient+httpHeader.swift */,
			);
			path = HttpClient;
			sourceTree = "<group>";
		};
		4BFC7905293ED9EA008BFD69 /* Header */ = {
			isa = PBXGroup;
			children = (
				4BFC7914293EED84008BFD69 /* Header.swift */,
			);
			path = Header;
			sourceTree = "<group>";
		};
		90C8B973293F53190027355A /* Font */ = {
			isa = PBXGroup;
			children = (
				4BFFD10A2940D4E0002BD993 /* NotoSansKR-Black.otf */,
				4BFFD10C2940D4E0002BD993 /* NotoSansKR-Bold.otf */,
				4BFFD1082940D4DF002BD993 /* NotoSansKR-Light.otf */,
				4BFFD1092940D4E0002BD993 /* NotoSansKR-Medium.otf */,
				4BFFD10B2940D4E0002BD993 /* NotoSansKR-Regular.otf */,
				4BFFD10D2940D4E0002BD993 /* NotoSansKR-Thin.otf */,
				90C8B971293F53160027355A /* Fonts.swift */,
			);
			path = Font;
			sourceTree = "<group>";
		};
		90C8B980293F596B0027355A /* SignUp */ = {
			isa = PBXGroup;
			children = (
				4B665A8B295607640005C527 /* ViewModel */,
				90C8B984293F5EB00027355A /* View */,
			);
			path = SignUp;
			sourceTree = "<group>";
		};
		90C8B984293F5EB00027355A /* View */ = {
			isa = PBXGroup;
			children = (
				907C9828293F70A2009CBD8C /* SelectView.swift */,
				907C982A293F82DC009CBD8C /* SignUpView.swift */,
				907C982C293F887E009CBD8C /* SignUpPWView.swift */,
			);
			path = View;
			sourceTree = "<group>";
		};
/* End PBXGroup section */

/* Begin PBXNativeTarget section */
		4B3BB3282939CE0400E8B5FE /* GoToOutside */ = {
			isa = PBXNativeTarget;
			buildConfigurationList = 4B3BB3372939CE0400E8B5FE /* Build configuration list for PBXNativeTarget "GoToOutside" */;
			buildPhases = (
				90C8B970293F4FFB0027355A /* SwiftLint Script */,
				4B3BB3252939CE0400E8B5FE /* Sources */,
				4B3BB3262939CE0400E8B5FE /* Frameworks */,
				4B3BB3272939CE0400E8B5FE /* Resources */,
			);
			buildRules = (
			);
			dependencies = (
			);
			name = GoToOutside;
			packageProductDependencies = (
				4B5C881A2939CF9B003F224E /* Moya */,
				4BFC7917293EFD78008BFD69 /* SwiftKeychainWrapper */,
			);
			productName = GoToOutside;
			productReference = 4B3BB3292939CE0400E8B5FE /* GoToOutside.app */;
			productType = "com.apple.product-type.application";
		};
/* End PBXNativeTarget section */

/* Begin PBXProject section */
		4B3BB3212939CE0400E8B5FE /* Project object */ = {
			isa = PBXProject;
			attributes = {
				BuildIndependentTargetsInParallel = 1;
				LastSwiftUpdateCheck = 1410;
				LastUpgradeCheck = 1410;
				TargetAttributes = {
					4B3BB3282939CE0400E8B5FE = {
						CreatedOnToolsVersion = 14.1;
					};
				};
			};
			buildConfigurationList = 4B3BB3242939CE0400E8B5FE /* Build configuration list for PBXProject "GoToOutside" */;
			compatibilityVersion = "Xcode 14.0";
			developmentRegion = en;
			hasScannedForEncodings = 0;
			knownRegions = (
				en,
				Base,
			);
			mainGroup = 4B3BB3202939CE0400E8B5FE;
			packageReferences = (
				4B5C88192939CF9B003F224E /* XCRemoteSwiftPackageReference "Moya" */,
				4BFC7916293EFD78008BFD69 /* XCRemoteSwiftPackageReference "SwiftKeychainWrapper" */,
			);
			productRefGroup = 4B3BB32A2939CE0400E8B5FE /* Products */;
			projectDirPath = "";
			projectRoot = "";
			targets = (
				4B3BB3282939CE0400E8B5FE /* GoToOutside */,
			);
		};
/* End PBXProject section */

/* Begin PBXResourcesBuildPhase section */
		4B3BB3272939CE0400E8B5FE /* Resources */ = {
			isa = PBXResourcesBuildPhase;
			buildActionMask = 2147483647;
			files = (
				4BFFD1102940D4E0002BD993 /* NotoSansKR-Black.otf in Resources */,
				4BFFD1122940D4E0002BD993 /* NotoSansKR-Bold.otf in Resources */,
				4BFFD10F2940D4E0002BD993 /* NotoSansKR-Medium.otf in Resources */,
				4B5C88182939CF35003F224E /* Preview Assets.xcassets in Resources */,
				4BFFD1132940D4E0002BD993 /* NotoSansKR-Thin.otf in Resources */,
				4BFFD10E2940D4E0002BD993 /* NotoSansKR-Light.otf in Resources */,
				4B3BB3312939CE0400E8B5FE /* Assets.xcassets in Resources */,
				4BFFD1112940D4E0002BD993 /* NotoSansKR-Regular.otf in Resources */,
			);
			runOnlyForDeploymentPostprocessing = 0;
		};
/* End PBXResourcesBuildPhase section */

/* Begin PBXShellScriptBuildPhase section */
		90C8B970293F4FFB0027355A /* SwiftLint Script */ = {
			isa = PBXShellScriptBuildPhase;
			buildActionMask = 2147483647;
			files = (
			);
			inputFileListPaths = (
			);
			inputPaths = (
			);
			name = "SwiftLint Script";
			outputFileListPaths = (
			);
			outputPaths = (
			);
			runOnlyForDeploymentPostprocessing = 0;
			shellPath = /bin/sh;
			shellScript = "# Type a script or drag a script file from your workspace to insert its path.\nexport PATH=\"$PATH:/opt/homebrew/bin\"\nif which swiftlint > /dev/null; then\n  swiftlint\nelse\n  echo \"warning: SwiftLint not installed, download from https://github.com/realm/SwiftLint\"\nfi\n";
		};
/* End PBXShellScriptBuildPhase section */

/* Begin PBXSourcesBuildPhase section */
		4B3BB3252939CE0400E8B5FE /* Sources */ = {
			isa = PBXSourcesBuildPhase;
			buildActionMask = 2147483647;
			files = (
				4BFC78FF293ED7A5008BFD69 /* LoginViewModel.swift in Sources */,
				907C982B293F82DC009CBD8C /* SignUpView.swift in Sources */,
				4BFC790F293EE723008BFD69 /* HttpClient+httpMethod.swift in Sources */,
				4B665A8A2955FE1A0005C527 /* ImageButtonView.swift in Sources */,
				4BFC78FA293ED776008BFD69 /* LoginView.swift in Sources */,
				4B665A8229551D650005C527 /* TextFieldView.swift in Sources */,
				4B665A8D295607840005C527 /* SignupViewModel.swift in Sources */,
				4BFC7911293EE891008BFD69 /* HttpClient+httpTask.swift in Sources */,
				907C982D293F887E009CBD8C /* SignUpPWView.swift in Sources */,
				4B3BB32F2939CE0400E8B5FE /* ContentView.swift in Sources */,
				4B665A882955FB910005C527 /* RectangleButtonView.swift in Sources */,
				4BFC7915293EED84008BFD69 /* Header.swift in Sources */,
				4BFC790D293EDC80008BFD69 /* HttpClient+httpPath.swift in Sources */,
				4BFC7907293EDA19008BFD69 /* MoyaService.swift in Sources */,
				90C8B982293F5CBD0027355A /* Colors.swift in Sources */,
				90C8B972293F53160027355A /* Fonts.swift in Sources */,
				907C9829293F70A2009CBD8C /* SelectView.swift in Sources */,
				4BFC7913293EECA4008BFD69 /* HttpClient+httpHeader.swift in Sources */,
				4BFC790A293EDAAB008BFD69 /* BaceURL.swift in Sources */,
				4B3BB32D2939CE0400E8B5FE /* GoToOutsideApp.swift in Sources */,
			);
			runOnlyForDeploymentPostprocessing = 0;
		};
/* End PBXSourcesBuildPhase section */

/* Begin XCBuildConfiguration section */
		4B3BB3352939CE0400E8B5FE /* Debug */ = {
			isa = XCBuildConfiguration;
			buildSettings = {
				ALWAYS_SEARCH_USER_PATHS = NO;
				CLANG_ANALYZER_NONNULL = YES;
				CLANG_ANALYZER_NUMBER_OBJECT_CONVERSION = YES_AGGRESSIVE;
				CLANG_CXX_LANGUAGE_STANDARD = "gnu++20";
				CLANG_ENABLE_MODULES = YES;
				CLANG_ENABLE_OBJC_ARC = YES;
				CLANG_ENABLE_OBJC_WEAK = YES;
				CLANG_WARN_BLOCK_CAPTURE_AUTORELEASING = YES;
				CLANG_WARN_BOOL_CONVERSION = YES;
				CLANG_WARN_COMMA = YES;
				CLANG_WARN_CONSTANT_CONVERSION = YES;
				CLANG_WARN_DEPRECATED_OBJC_IMPLEMENTATIONS = YES;
				CLANG_WARN_DIRECT_OBJC_ISA_USAGE = YES_ERROR;
				CLANG_WARN_DOCUMENTATION_COMMENTS = YES;
				CLANG_WARN_EMPTY_BODY = YES;
				CLANG_WARN_ENUM_CONVERSION = YES;
				CLANG_WARN_INFINITE_RECURSION = YES;
				CLANG_WARN_INT_CONVERSION = YES;
				CLANG_WARN_NON_LITERAL_NULL_CONVERSION = YES;
				CLANG_WARN_OBJC_IMPLICIT_RETAIN_SELF = YES;
				CLANG_WARN_OBJC_LITERAL_CONVERSION = YES;
				CLANG_WARN_OBJC_ROOT_CLASS = YES_ERROR;
				CLANG_WARN_QUOTED_INCLUDE_IN_FRAMEWORK_HEADER = YES;
				CLANG_WARN_RANGE_LOOP_ANALYSIS = YES;
				CLANG_WARN_STRICT_PROTOTYPES = YES;
				CLANG_WARN_SUSPICIOUS_MOVE = YES;
				CLANG_WARN_UNGUARDED_AVAILABILITY = YES_AGGRESSIVE;
				CLANG_WARN_UNREACHABLE_CODE = YES;
				CLANG_WARN__DUPLICATE_METHOD_MATCH = YES;
				COPY_PHASE_STRIP = NO;
				DEBUG_INFORMATION_FORMAT = dwarf;
				ENABLE_STRICT_OBJC_MSGSEND = YES;
				ENABLE_TESTABILITY = YES;
				GCC_C_LANGUAGE_STANDARD = gnu11;
				GCC_DYNAMIC_NO_PIC = NO;
				GCC_NO_COMMON_BLOCKS = YES;
				GCC_OPTIMIZATION_LEVEL = 0;
				GCC_PREPROCESSOR_DEFINITIONS = (
					"DEBUG=1",
					"$(inherited)",
				);
				GCC_WARN_64_TO_32_BIT_CONVERSION = YES;
				GCC_WARN_ABOUT_RETURN_TYPE = YES_ERROR;
				GCC_WARN_UNDECLARED_SELECTOR = YES;
				GCC_WARN_UNINITIALIZED_AUTOS = YES_AGGRESSIVE;
				GCC_WARN_UNUSED_FUNCTION = YES;
				GCC_WARN_UNUSED_VARIABLE = YES;
				IPHONEOS_DEPLOYMENT_TARGET = 16.1;
				MTL_ENABLE_DEBUG_INFO = INCLUDE_SOURCE;
				MTL_FAST_MATH = YES;
				ONLY_ACTIVE_ARCH = YES;
				SDKROOT = iphoneos;
				SWIFT_ACTIVE_COMPILATION_CONDITIONS = DEBUG;
				SWIFT_OPTIMIZATION_LEVEL = "-Onone";
			};
			name = Debug;
		};
		4B3BB3362939CE0400E8B5FE /* Release */ = {
			isa = XCBuildConfiguration;
			buildSettings = {
				ALWAYS_SEARCH_USER_PATHS = NO;
				CLANG_ANALYZER_NONNULL = YES;
				CLANG_ANALYZER_NUMBER_OBJECT_CONVERSION = YES_AGGRESSIVE;
				CLANG_CXX_LANGUAGE_STANDARD = "gnu++20";
				CLANG_ENABLE_MODULES = YES;
				CLANG_ENABLE_OBJC_ARC = YES;
				CLANG_ENABLE_OBJC_WEAK = YES;
				CLANG_WARN_BLOCK_CAPTURE_AUTORELEASING = YES;
				CLANG_WARN_BOOL_CONVERSION = YES;
				CLANG_WARN_COMMA = YES;
				CLANG_WARN_CONSTANT_CONVERSION = YES;
				CLANG_WARN_DEPRECATED_OBJC_IMPLEMENTATIONS = YES;
				CLANG_WARN_DIRECT_OBJC_ISA_USAGE = YES_ERROR;
				CLANG_WARN_DOCUMENTATION_COMMENTS = YES;
				CLANG_WARN_EMPTY_BODY = YES;
				CLANG_WARN_ENUM_CONVERSION = YES;
				CLANG_WARN_INFINITE_RECURSION = YES;
				CLANG_WARN_INT_CONVERSION = YES;
				CLANG_WARN_NON_LITERAL_NULL_CONVERSION = YES;
				CLANG_WARN_OBJC_IMPLICIT_RETAIN_SELF = YES;
				CLANG_WARN_OBJC_LITERAL_CONVERSION = YES;
				CLANG_WARN_OBJC_ROOT_CLASS = YES_ERROR;
				CLANG_WARN_QUOTED_INCLUDE_IN_FRAMEWORK_HEADER = YES;
				CLANG_WARN_RANGE_LOOP_ANALYSIS = YES;
				CLANG_WARN_STRICT_PROTOTYPES = YES;
				CLANG_WARN_SUSPICIOUS_MOVE = YES;
				CLANG_WARN_UNGUARDED_AVAILABILITY = YES_AGGRESSIVE;
				CLANG_WARN_UNREACHABLE_CODE = YES;
				CLANG_WARN__DUPLICATE_METHOD_MATCH = YES;
				COPY_PHASE_STRIP = NO;
				DEBUG_INFORMATION_FORMAT = "dwarf-with-dsym";
				ENABLE_NS_ASSERTIONS = NO;
				ENABLE_STRICT_OBJC_MSGSEND = YES;
				GCC_C_LANGUAGE_STANDARD = gnu11;
				GCC_NO_COMMON_BLOCKS = YES;
				GCC_WARN_64_TO_32_BIT_CONVERSION = YES;
				GCC_WARN_ABOUT_RETURN_TYPE = YES_ERROR;
				GCC_WARN_UNDECLARED_SELECTOR = YES;
				GCC_WARN_UNINITIALIZED_AUTOS = YES_AGGRESSIVE;
				GCC_WARN_UNUSED_FUNCTION = YES;
				GCC_WARN_UNUSED_VARIABLE = YES;
				IPHONEOS_DEPLOYMENT_TARGET = 16.1;
				MTL_ENABLE_DEBUG_INFO = NO;
				MTL_FAST_MATH = YES;
				SDKROOT = iphoneos;
				SWIFT_COMPILATION_MODE = wholemodule;
				SWIFT_OPTIMIZATION_LEVEL = "-O";
				VALIDATE_PRODUCT = YES;
			};
			name = Release;
		};
		4B3BB3382939CE0400E8B5FE /* Debug */ = {
			isa = XCBuildConfiguration;
			buildSettings = {
				ASSETCATALOG_COMPILER_APPICON_NAME = AppIcon;
				ASSETCATALOG_COMPILER_GLOBAL_ACCENT_COLOR_NAME = AccentColor;
				CODE_SIGN_STYLE = Automatic;
				CURRENT_PROJECT_VERSION = 1;
				DEVELOPMENT_ASSET_PATHS = "\"GoToOutside/Resource/Preview Content\"";
				DEVELOPMENT_TEAM = 629Q9H7922;
				ENABLE_PREVIEWS = YES;
				GENERATE_INFOPLIST_FILE = YES;
				INFOPLIST_FILE = GoToOutside/SupportFile/Info.plist;
				INFOPLIST_KEY_UIApplicationSceneManifest_Generation = YES;
				INFOPLIST_KEY_UIApplicationSupportsIndirectInputEvents = YES;
				INFOPLIST_KEY_UILaunchScreen_Generation = YES;
				INFOPLIST_KEY_UISupportedInterfaceOrientations_iPad = "UIInterfaceOrientationPortrait UIInterfaceOrientationPortraitUpsideDown UIInterfaceOrientationLandscapeLeft UIInterfaceOrientationLandscapeRight";
				INFOPLIST_KEY_UISupportedInterfaceOrientations_iPhone = "UIInterfaceOrientationPortrait UIInterfaceOrientationLandscapeLeft UIInterfaceOrientationLandscapeRight";
				LD_RUNPATH_SEARCH_PATHS = (
					"$(inherited)",
					"@executable_path/Frameworks",
				);
				MARKETING_VERSION = 1.0;
				PRODUCT_BUNDLE_IDENTIFIER = "GRAM-DSM.GoToOutside";
				PRODUCT_NAME = "$(TARGET_NAME)";
				SWIFT_EMIT_LOC_STRINGS = YES;
				SWIFT_VERSION = 5.0;
				TARGETED_DEVICE_FAMILY = "1,2";
			};
			name = Debug;
		};
		4B3BB3392939CE0400E8B5FE /* Release */ = {
			isa = XCBuildConfiguration;
			buildSettings = {
				ASSETCATALOG_COMPILER_APPICON_NAME = AppIcon;
				ASSETCATALOG_COMPILER_GLOBAL_ACCENT_COLOR_NAME = AccentColor;
				CODE_SIGN_STYLE = Automatic;
				CURRENT_PROJECT_VERSION = 1;
				DEVELOPMENT_ASSET_PATHS = "\"GoToOutside/Resource/Preview Content\"";
				DEVELOPMENT_TEAM = 629Q9H7922;
				ENABLE_PREVIEWS = YES;
				GENERATE_INFOPLIST_FILE = YES;
				INFOPLIST_FILE = GoToOutside/SupportFile/Info.plist;
				INFOPLIST_KEY_UIApplicationSceneManifest_Generation = YES;
				INFOPLIST_KEY_UIApplicationSupportsIndirectInputEvents = YES;
				INFOPLIST_KEY_UILaunchScreen_Generation = YES;
				INFOPLIST_KEY_UISupportedInterfaceOrientations_iPad = "UIInterfaceOrientationPortrait UIInterfaceOrientationPortraitUpsideDown UIInterfaceOrientationLandscapeLeft UIInterfaceOrientationLandscapeRight";
				INFOPLIST_KEY_UISupportedInterfaceOrientations_iPhone = "UIInterfaceOrientationPortrait UIInterfaceOrientationLandscapeLeft UIInterfaceOrientationLandscapeRight";
				LD_RUNPATH_SEARCH_PATHS = (
					"$(inherited)",
					"@executable_path/Frameworks",
				);
				MARKETING_VERSION = 1.0;
				PRODUCT_BUNDLE_IDENTIFIER = "GRAM-DSM.GoToOutside";
				PRODUCT_NAME = "$(TARGET_NAME)";
				SWIFT_EMIT_LOC_STRINGS = YES;
				SWIFT_VERSION = 5.0;
				TARGETED_DEVICE_FAMILY = "1,2";
			};
			name = Release;
		};
/* End XCBuildConfiguration section */

/* Begin XCConfigurationList section */
		4B3BB3242939CE0400E8B5FE /* Build configuration list for PBXProject "GoToOutside" */ = {
			isa = XCConfigurationList;
			buildConfigurations = (
				4B3BB3352939CE0400E8B5FE /* Debug */,
				4B3BB3362939CE0400E8B5FE /* Release */,
			);
			defaultConfigurationIsVisible = 0;
			defaultConfigurationName = Release;
		};
		4B3BB3372939CE0400E8B5FE /* Build configuration list for PBXNativeTarget "GoToOutside" */ = {
			isa = XCConfigurationList;
			buildConfigurations = (
				4B3BB3382939CE0400E8B5FE /* Debug */,
				4B3BB3392939CE0400E8B5FE /* Release */,
			);
			defaultConfigurationIsVisible = 0;
			defaultConfigurationName = Release;
		};
/* End XCConfigurationList section */

/* Begin XCRemoteSwiftPackageReference section */
		4B5C88192939CF9B003F224E /* XCRemoteSwiftPackageReference "Moya" */ = {
			isa = XCRemoteSwiftPackageReference;
			repositoryURL = "https://github.com/Moya/Moya";
			requirement = {
				branch = master;
				kind = branch;
			};
		};
		4BFC7916293EFD78008BFD69 /* XCRemoteSwiftPackageReference "SwiftKeychainWrapper" */ = {
			isa = XCRemoteSwiftPackageReference;
			repositoryURL = "https://github.com/jrendel/SwiftKeychainWrapper";
			requirement = {
				branch = develop;
				kind = branch;
			};
		};
/* End XCRemoteSwiftPackageReference section */

/* Begin XCSwiftPackageProductDependency section */
		4B5C881A2939CF9B003F224E /* Moya */ = {
			isa = XCSwiftPackageProductDependency;
			package = 4B5C88192939CF9B003F224E /* XCRemoteSwiftPackageReference "Moya" */;
			productName = Moya;
		};
		4BFC7917293EFD78008BFD69 /* SwiftKeychainWrapper */ = {
			isa = XCSwiftPackageProductDependency;
			package = 4BFC7916293EFD78008BFD69 /* XCRemoteSwiftPackageReference "SwiftKeychainWrapper" */;
			productName = SwiftKeychainWrapper;
		};
/* End XCSwiftPackageProductDependency section */
	};
	rootObject = 4B3BB3212939CE0400E8B5FE /* Project object */;
}
